
Microsoft Visual Studio Solution File, Format Version 12.00
# Visual Studio 15
VisualStudioVersion = 15.0.26403.0
MinimumVisualStudioVersion = 10.0.40219.1
Project("{FAE04EC0-301F-11D3-BF4B-00C04F79EFBC}") = "SiloHost", "SLlabs.SiloHost\SiloHost.csproj", "{D3C0ACA0-B3A8-4B50-8EF4-6AEA1D8226DB}"
EndProject
Project("{FAE04EC0-301F-11D3-BF4B-00C04F79EFBC}") = "SLlabs.Player.Interfaces", "SLlabs.Player.Interfaces\SLlabs.Player.Interfaces.csproj", "{CE3C4036-FCB8-4464-81C7-192DFF5CBEFE}"
EndProject
Project("{FAE04EC0-301F-11D3-BF4B-00C04F79EFBC}") = "SLlabs.Player.Grains", "SLlabs.Player.Grains\SLlabs.Player.Grains.csproj", "{A559333B-1F64-45CD-BBC7-24A5E421A1B2}"
EndProject
Global
	GlobalSection(SolutionConfigurationPlatforms) = preSolution
		Debug|Any CPU = Debug|Any CPU
		Release|Any CPU = Release|Any CPU
	EndGlobalSection
	GlobalSection(ProjectConfigurationPlatforms) = postSolution
		{D3C0ACA0-B3A8-4B50-8EF4-6AEA1D8226DB}.Debug|Any CPU.ActiveCfg = Debug|Any CPU
		{D3C0ACA0-B3A8-4B50-8EF4-6AEA1D8226DB}.Debug|Any CPU.Build.0 = Debug|Any CPU
		{D3C0ACA0-B3A8-4B50-8EF4-6AEA1D8226DB}.Release|Any CPU.ActiveCfg = Release|Any CPU
		{D3C0ACA0-B3A8-4B50-8EF4-6AEA1D8226DB}.Release|Any CPU.Build.0 = Release|Any CPU
		{CE3C4036-FCB8-4464-81C7-192DFF5CBEFE}.Debug|Any CPU.ActiveCfg = Debug|Any CPU
		{CE3C4036-FCB8-4464-81C7-192DFF5CBEFE}.Debug|Any CPU.Build.0 = Debug|Any CPU
		{CE3C4036-FCB8-4464-81C7-192DFF5CBEFE}.Release|Any CPU.ActiveCfg = Release|Any CPU
		{CE3C4036-FCB8-4464-81C7-192DFF5CBEFE}.Release|Any CPU.Build.0 = Release|Any CPU
		{A559333B-1F64-45CD-BBC7-24A5E421A1B2}.Debug|Any CPU.ActiveCfg = Debug|Any CPU
		{A559333B-1F64-45CD-BBC7-24A5E421A1B2}.Debug|Any CPU.Build.0 = Debug|Any CPU
		{A559333B-1F64-45CD-BBC7-24A5E421A1B2}.Release|Any CPU.ActiveCfg = Release|Any CPU
		{A559333B-1F64-45CD-BBC7-24A5E421A1B2}.Release|Any CPU.Build.0 = Release|Any CPU
	EndGlobalSection
	GlobalSection(SolutionProperties) = preSolution
		HideSolutionNode = FALSE
	EndGlobalSection
EndGlobal
